
Microsoft Visual Studio Solution File, Format Version 12.00
# Visual Studio 2013
VisualStudioVersion = 12.0.21005.1
MinimumVisualStudioVersion = 10.0.40219.1
Project("{FAE04EC0-301F-11D3-BF4B-00C04F79EFBC}") = "Popular Matchings", "Popular Matchings\Popular Matchings.csproj", "{BA770932-77FA-46D0-B7BD-6E2E7F6DE1D9}"
EndProject
Global
	GlobalSection(SolutionConfigurationPlatforms) = preSolution
		Debug|Any CPU = Debug|Any CPU
		Release|Any CPU = Release|Any CPU
	EndGlobalSection
	GlobalSection(ProjectConfigurationPlatforms) = postSolution
		{BA770932-77FA-46D0-B7BD-6E2E7F6DE1D9}.Debug|Any CPU.ActiveCfg = Debug|Any CPU
		{BA770932-77FA-46D0-B7BD-6E2E7F6DE1D9}.Debug|Any CPU.Build.0 = Debug|Any CPU
		{BA770932-77FA-46D0-B7BD-6E2E7F6DE1D9}.Release|Any CPU.ActiveCfg = Release|Any CPU
		{BA770932-77FA-46D0-B7BD-6E2E7F6DE1D9}.Release|Any CPU.Build.0 = Release|Any CPU
	EndGlobalSection
	GlobalSection(SolutionProperties) = preSolution
		HideSolutionNode = FALSE
	EndGlobalSection
EndGlobal
